
Microsoft Visual Studio Solution File, Format Version 12.00
# Visual Studio Version 17
VisualStudioVersion = 17.9.34607.119
MinimumVisualStudioVersion = 10.0.40219.1
Project("{FAE04EC0-301F-11D3-BF4B-00C04F79EFBC}") = "CSharpBasic06", "CSharpBasic06\CSharpBasic06.csproj", "{7B9FBA7B-C732-465D-872D-305D5D0CB794}"
EndProject
Global
	GlobalSection(SolutionConfigurationPlatforms) = preSolution
		Debug|Any CPU = Debug|Any CPU
		Release|Any CPU = Release|Any CPU
	EndGlobalSection
	GlobalSection(ProjectConfigurationPlatforms) = postSolution
		{7B9FBA7B-C732-465D-872D-305D5D0CB794}.Debug|Any CPU.ActiveCfg = Debug|Any CPU
		{7B9FBA7B-C732-465D-872D-305D5D0CB794}.Debug|Any CPU.Build.0 = Debug|Any CPU
		{7B9FBA7B-C732-465D-872D-305D5D0CB794}.Release|Any CPU.ActiveCfg = Release|Any CPU
		{7B9FBA7B-C732-465D-872D-305D5D0CB794}.Release|Any CPU.Build.0 = Release|Any CPU
	EndGlobalSection
	GlobalSection(SolutionProperties) = preSolution
		HideSolutionNode = FALSE
	EndGlobalSection
	GlobalSection(ExtensibilityGlobals) = postSolution
		SolutionGuid = {5B5F6C02-A788-4071-BA09-E0B58AA6821B}
	EndGlobalSection
EndGlobal
